{
  "name": "crdts-client",
  "version": "0.0.1",
  "lockfileVersion": 3,
  "requires": true,
  "packages": {
    "": {
      "name": "crdts-client",
      "version": "0.0.1",
      "license": "ISC",
      "dependencies": {
        "crdts": "file:../crdts"
      }
    },
    "../crdts": {
      "version": "0.0.1",
      "license": "ISC"
    },
    "node_modules/crdts": {
      "resolved": "../crdts",
      "link": true
    }
  }
}
